hash: d49ddfae640a61be649f78ccfc74f1dca9116247c9683c5e61e15a696c2b7073
updated: 2018-04-13T13:08:01.32167583+02:00
imports:
- name: github.com/beorn7/perks
  version: 3a771d992973f24aa725d07868b467d1ddfceafb
  subpackages:
  - quantile
- name: github.com/golang/protobuf
  version: e09c5db296004fbe3f74490e84dcd62c3c5ddb1b
  subpackages:
  - proto
- name: github.com/inconshreveable/mousetrap
  version: 76626ae9c91c4f2a10f34cad8ce83ea42c93bb75
- name: github.com/matttproud/golang_protobuf_extensions
  version: c12348ce28de40eed0136aa2b644d0ee0650e56c
  subpackages:
  - pbutil
- name: github.com/prometheus/client_golang
  version: 967789050ba94deca04a5e84cce8ad472ce313c1
  subpackages:
  - prometheus
- name: github.com/prometheus/client_model
  version: 99fa1f4be8e564e8a6b613da7fa6f46c9edafc6c
  subpackages:
  - go
- name: github.com/prometheus/common
  version: d0f7cd64bda49e08b22ae8a730aa57aa0db125d6
  subpackages:
  - expfmt
  - internal/bitbucket.org/ww/goautoneg
  - model
- name: github.com/prometheus/procfs
  version: 8b1c2da0d56deffdbb9e48d4414b4e674bd8083e
  subpackages:
  - internal/util
  - nfs
  - xfs
- name: github.com/russellcardullo/go-pingdom
  version: 7687c8559aa8f34f04ca0d5dc81d678fc3e50805
  subpackages:
  - pingdom
- name: github.com/spf13/cobra
  version: a1f051bc3eba734da4772d60e2d677f47cf93ef4
- name: github.com/spf13/pflag
  version: 583c0c0531f06d5278b7d917446061adc344b5cd
testImports: []
